
Microsoft Visual Studio Solution File, Format Version 12.00
# Visual Studio Version 16
VisualStudioVersion = 16.0.32002.261
MinimumVisualStudioVersion = 10.0.40219.1
Project("{FAE04EC0-301F-11D3-BF4B-00C04F79EFBC}") = "DACuoiKy", "DACuoiKy\DACuoiKy.csproj", "{5380198A-048D-4453-8B52-F0012C8DE315}"
EndProject
Global
	GlobalSection(SolutionConfigurationPlatforms) = preSolution
		Debug|Any CPU = Debug|Any CPU
		Release|Any CPU = Release|Any CPU
	EndGlobalSection
	GlobalSection(ProjectConfigurationPlatforms) = postSolution
		{5380198A-048D-4453-8B52-F0012C8DE315}.Debug|Any CPU.ActiveCfg = Debug|Any CPU
		{5380198A-048D-4453-8B52-F0012C8DE315}.Debug|Any CPU.Build.0 = Debug|Any CPU
		{5380198A-048D-4453-8B52-F0012C8DE315}.Release|Any CPU.ActiveCfg = Release|Any CPU
		{5380198A-048D-4453-8B52-F0012C8DE315}.Release|Any CPU.Build.0 = Release|Any CPU
	EndGlobalSection
	GlobalSection(SolutionProperties) = preSolution
		HideSolutionNode = FALSE
	EndGlobalSection
	GlobalSection(ExtensibilityGlobals) = postSolution
		SolutionGuid = {16B471DD-DD40-48BA-A635-23A3EF3BC4C9}
	EndGlobalSection
EndGlobal
